
Microsoft Visual Studio Solution File, Format Version 12.00
# Visual Studio 2012
Project("{FAE04EC0-301F-11D3-BF4B-00C04F79EFBC}") = "Version1", "Version1\Version1.csproj", "{81462F86-C1C0-4FFE-A050-A5C80EDD8732}"
EndProject
Global
	GlobalSection(SolutionConfigurationPlatforms) = preSolution
		Debug|Any CPU = Debug|Any CPU
		Release|Any CPU = Release|Any CPU
	EndGlobalSection
	GlobalSection(ProjectConfigurationPlatforms) = postSolution
		{81462F86-C1C0-4FFE-A050-A5C80EDD8732}.Debug|Any CPU.ActiveCfg = Debug|Any CPU
		{81462F86-C1C0-4FFE-A050-A5C80EDD8732}.Debug|Any CPU.Build.0 = Debug|Any CPU
		{81462F86-C1C0-4FFE-A050-A5C80EDD8732}.Release|Any CPU.ActiveCfg = Release|Any CPU
		{81462F86-C1C0-4FFE-A050-A5C80EDD8732}.Release|Any CPU.Build.0 = Release|Any CPU
	EndGlobalSection
	GlobalSection(SolutionProperties) = preSolution
		HideSolutionNode = FALSE
	EndGlobalSection
EndGlobal
